{
  "name": "ldd",
  "version": "1.0.0",
  "lockfileVersion": 1,
  "requires": true,
  "dependencies": {
    "@firebase/app": {
      "version": "0.1.10",
      "resolved": "https://registry.npmjs.org/@firebase/app/-/app-0.1.10.tgz",
      "integrity": "sha512-2GTXt3b2QZXkmx6/5nNJq+pEN/VTjAG55MFJS1WMoLVZkwKuNpWNk65QVyPaoL88x1iHtuLqAMFgJUOnhOg+Pw==",
      "requires": {
        "@firebase/app-types": "0.1.2",
        "@firebase/util": "0.1.10",
        "tslib": "1.9.0"
      }
    },
    "@firebase/app-types": {
      "version": "0.1.2",
      "resolved": "https://registry.npmjs.org/@firebase/app-types/-/app-types-0.1.2.tgz",
      "integrity": "sha512-bCIZGeMtP0ibrXNNaU214/1tRNw0jHnir/cfiAao1gjUyIS7RzOTQoH+zbwPJNEwUqJ0T3ykw/Tv4/khGqbVBg=="
    },
    "@firebase/util": {
      "version": "0.1.10",
      "resolved": "https://registry.npmjs.org/@firebase/util/-/util-0.1.10.tgz",
      "integrity": "sha512-XEogRfUQBZ4T37TMq/3ZbuiTdRAKX8hF3TgJglUZNCJf/6QnQ+jlupCuMAXBqCGfw2Mw0m2matoCUBWpsyevOA==",
      "requires": {
        "tslib": "1.9.0"
      }
    },
    "tslib": {
      "version": "1.9.0",
      "resolved": "https://registry.npmjs.org/tslib/-/tslib-1.9.0.tgz",
      "integrity": "sha512-f/qGG2tUkrISBlQZEjEqoZ3B2+npJjIf04H1wuAv9iA8i04Icp+61KRXxFdha22670NJopsZCIjhC3SnjPRKrQ=="
    }
  }
}
